
Microsoft Visual Studio Solution File, Format Version 12.00
# Visual Studio Version 17
VisualStudioVersion = 17.5.33424.131
MinimumVisualStudioVersion = 10.0.40219.1
Project("{9A19103F-16F7-4668-BE54-9A1E7A4F7556}") = "InventoryMaintenance", "InventoryMaintenance\InventoryMaintenance.csproj", "{C55DFCE7-32F5-4989-9DA5-2F2D7D403D8C}"
EndProject
Global
	GlobalSection(SolutionConfigurationPlatforms) = preSolution
		Debug|Any CPU = Debug|Any CPU
		Release|Any CPU = Release|Any CPU
	EndGlobalSection
	GlobalSection(ProjectConfigurationPlatforms) = postSolution
		{C55DFCE7-32F5-4989-9DA5-2F2D7D403D8C}.Debug|Any CPU.ActiveCfg = Debug|Any CPU
		{C55DFCE7-32F5-4989-9DA5-2F2D7D403D8C}.Debug|Any CPU.Build.0 = Debug|Any CPU
		{C55DFCE7-32F5-4989-9DA5-2F2D7D403D8C}.Release|Any CPU.ActiveCfg = Release|Any CPU
		{C55DFCE7-32F5-4989-9DA5-2F2D7D403D8C}.Release|Any CPU.Build.0 = Release|Any CPU
	EndGlobalSection
	GlobalSection(SolutionProperties) = preSolution
		HideSolutionNode = FALSE
	EndGlobalSection
	GlobalSection(ExtensibilityGlobals) = postSolution
		SolutionGuid = {F3DA5AC2-0EF5-4993-A47C-E4B5BCB94E8C}
	EndGlobalSection
EndGlobal
